// !$*UTF8*$!
{
	archiveVersion = 1;
	classes = {
	};
	objectVersion = 50;
	objects = {

/* Begin PBXBuildFile section */
		663C24F42731D5A900BA47FC /* AppDelegate.swift in Sources */ = {isa = PBXBuildFile; fileRef = 663C24F32731D5A900BA47FC /* AppDelegate.swift */; };
		663C24F62731D5A900BA47FC /* SceneDelegate.swift in Sources */ = {isa = PBXBuildFile; fileRef = 663C24F52731D5A900BA47FC /* SceneDelegate.swift */; };
		663C24FB2731D5A900BA47FC /* Main.storyboard in Resources */ = {isa = PBXBuildFile; fileRef = 663C24F92731D5A900BA47FC /* Main.storyboard */; };
		663C24FD2731D5B400BA47FC /* Assets.xcassets in Resources */ = {isa = PBXBuildFile; fileRef = 663C24FC2731D5B400BA47FC /* Assets.xcassets */; };
		663C25002731D5B400BA47FC /* LaunchScreen.storyboard in Resources */ = {isa = PBXBuildFile; fileRef = 663C24FE2731D5B400BA47FC /* LaunchScreen.storyboard */; };
		663C250E2731DEA200BA47FC /* Feed.swift in Sources */ = {isa = PBXBuildFile; fileRef = 663C250D2731DEA200BA47FC /* Feed.swift */; };
		663C25122731E33400BA47FC /* APIClient.swift in Sources */ = {isa = PBXBuildFile; fileRef = 663C25112731E33400BA47FC /* APIClient.swift */; };
		663C25152731E34000BA47FC /* BaseURL.swift in Sources */ = {isa = PBXBuildFile; fileRef = 663C25142731E34000BA47FC /* BaseURL.swift */; };
		663C251C2731E9AB00BA47FC /* libSDWebImage.a in Frameworks */ = {isa = PBXBuildFile; fileRef = 663C251B2731E9AB00BA47FC /* libSDWebImage.a */; };
		663C25222731ED6D00BA47FC /* FeedsViewController.swift in Sources */ = {isa = PBXBuildFile; fileRef = 663C25212731ED6D00BA47FC /* FeedsViewController.swift */; };
		663C25262731ED8600BA47FC /* FeedsViewModel.swift in Sources */ = {isa = PBXBuildFile; fileRef = 663C25252731ED8600BA47FC /* FeedsViewModel.swift */; };
/* End PBXBuildFile section */

/* Begin PBXFileReference section */
		663C24F02731D5A900BA47FC /* TMChallenge.app */ = {isa = PBXFileReference; explicitFileType = wrapper.application; includeInIndex = 0; path = TMChallenge.app; sourceTree = BUILT_PRODUCTS_DIR; };
		663C24F32731D5A900BA47FC /* AppDelegate.swift */ = {isa = PBXFileReference; lastKnownFileType = sourcecode.swift; path = AppDelegate.swift; sourceTree = "<group>"; };
		663C24F52731D5A900BA47FC /* SceneDelegate.swift */ = {isa = PBXFileReference; lastKnownFileType = sourcecode.swift; path = SceneDelegate.swift; sourceTree = "<group>"; };
		663C24FA2731D5A900BA47FC /* Base */ = {isa = PBXFileReference; lastKnownFileType = file.storyboard; name = Base; path = Base.lproj/Main.storyboard; sourceTree = "<group>"; };
		663C24FC2731D5B400BA47FC /* Assets.xcassets */ = {isa = PBXFileReference; lastKnownFileType = folder.assetcatalog; path = Assets.xcassets; sourceTree = "<group>"; };
		663C24FF2731D5B400BA47FC /* Base */ = {isa = PBXFileReference; lastKnownFileType = file.storyboard; name = Base; path = Base.lproj/LaunchScreen.storyboard; sourceTree = "<group>"; };
		663C25012731D5B400BA47FC /* Info.plist */ = {isa = PBXFileReference; lastKnownFileType = text.plist.xml; path = Info.plist; sourceTree = "<group>"; };
		663C250D2731DEA200BA47FC /* Feed.swift */ = {isa = PBXFileReference; lastKnownFileType = sourcecode.swift; path = Feed.swift; sourceTree = "<group>"; };
		663C25112731E33400BA47FC /* APIClient.swift */ = {isa = PBXFileReference; lastKnownFileType = sourcecode.swift; path = APIClient.swift; sourceTree = "<group>"; };
		663C25142731E34000BA47FC /* BaseURL.swift */ = {isa = PBXFileReference; lastKnownFileType = sourcecode.swift; path = BaseURL.swift; sourceTree = "<group>"; };
		663C251B2731E9AB00BA47FC /* libSDWebImage.a */ = {isa = PBXFileReference; lastKnownFileType = archive.ar; name = libSDWebImage.a; path = Resources/libSDWebImage.a; sourceTree = "<group>"; };
		663C25212731ED6D00BA47FC /* FeedsViewController.swift */ = {isa = PBXFileReference; lastKnownFileType = sourcecode.swift; path = FeedsViewController.swift; sourceTree = "<group>"; };
		663C25252731ED8600BA47FC /* FeedsViewModel.swift */ = {isa = PBXFileReference; lastKnownFileType = sourcecode.swift; path = FeedsViewModel.swift; sourceTree = "<group>"; };
/* End PBXFileReference section */

/* Begin PBXFrameworksBuildPhase section */
		663C24ED2731D5A900BA47FC /* Frameworks */ = {
			isa = PBXFrameworksBuildPhase;
			buildActionMask = 2147483647;
			files = (
				663C251C2731E9AB00BA47FC /* libSDWebImage.a in Frameworks */,
			);
			runOnlyForDeploymentPostprocessing = 0;
		};
/* End PBXFrameworksBuildPhase section */

/* Begin PBXGroup section */
		663C24E72731D5A900BA47FC = {
			isa = PBXGroup;
			children = (
				663C24F22731D5A900BA47FC /* TMChallenge */,
				663C24F12731D5A900BA47FC /* Products */,
			);
			sourceTree = "<group>";
		};
		663C24F12731D5A900BA47FC /* Products */ = {
			isa = PBXGroup;
			children = (
				663C24F02731D5A900BA47FC /* TMChallenge.app */,
			);
			name = Products;
			sourceTree = "<group>";
		};
		663C24F22731D5A900BA47FC /* TMChallenge */ = {
			isa = PBXGroup;
			children = (
				663C251F2731EA8500BA47FC /* SupportingFiles */,
				663C250B2731DCC500BA47FC /* PresentationLayer */,
				663C250A2731DCBA00BA47FC /* CoreLayer */,
				663C25092731DCB000BA47FC /* BusinessLayer */,
				663C25082731DCA200BA47FC /* ApplicationLayer */,
			);
			path = TMChallenge;
			sourceTree = "<group>";
		};
		663C25082731DCA200BA47FC /* ApplicationLayer */ = {
			isa = PBXGroup;
			children = (
				663C24F32731D5A900BA47FC /* AppDelegate.swift */,
				663C24F52731D5A900BA47FC /* SceneDelegate.swift */,
				663C251B2731E9AB00BA47FC /* libSDWebImage.a */,
			);
			path = ApplicationLayer;
			sourceTree = "<group>";
		};
		663C25092731DCB000BA47FC /* BusinessLayer */ = {
			isa = PBXGroup;
			children = (
				663C250C2731DE7C00BA47FC /* Model */,
			);
			path = BusinessLayer;
			sourceTree = "<group>";
		};
		663C250A2731DCBA00BA47FC /* CoreLayer */ = {
			isa = PBXGroup;
			children = (
				663C251E2731EA6300BA47FC /* Resources */,
				663C25102731E30E00BA47FC /* Network */,
			);
			path = CoreLayer;
			sourceTree = "<group>";
		};
		663C250B2731DCC500BA47FC /* PresentationLayer */ = {
			isa = PBXGroup;
			children = (
				663C25202731ED4E00BA47FC /* Feeds */,
			);
			path = PresentationLayer;
			sourceTree = "<group>";
		};
		663C250C2731DE7C00BA47FC /* Model */ = {
			isa = PBXGroup;
			children = (
				663C250D2731DEA200BA47FC /* Feed.swift */,
			);
			path = Model;
			sourceTree = "<group>";
		};
		663C25102731E30E00BA47FC /* Network */ = {
			isa = PBXGroup;
			children = (
				663C25112731E33400BA47FC /* APIClient.swift */,
				663C25142731E34000BA47FC /* BaseURL.swift */,
			);
			path = Network;
			sourceTree = "<group>";
		};
		663C251E2731EA6300BA47FC /* Resources */ = {
			isa = PBXGroup;
			children = (
				663C24FC2731D5B400BA47FC /* Assets.xcassets */,
			);
			path = Resources;
			sourceTree = "<group>";
		};
		663C251F2731EA8500BA47FC /* SupportingFiles */ = {
			isa = PBXGroup;
			children = (
				663C24F92731D5A900BA47FC /* Main.storyboard */,
				663C24FE2731D5B400BA47FC /* LaunchScreen.storyboard */,
				663C25012731D5B400BA47FC /* Info.plist */,
			);
			path = SupportingFiles;
			sourceTree = "<group>";
		};
		663C25202731ED4E00BA47FC /* Feeds */ = {
			isa = PBXGroup;
			children = (
				663C25212731ED6D00BA47FC /* FeedsViewController.swift */,
				663C25252731ED8600BA47FC /* FeedsViewModel.swift */,
			);
			path = Feeds;
			sourceTree = "<group>";
		};
/* End PBXGroup section */

/* Begin PBXNativeTarget section */
		663C24EF2731D5A900BA47FC /* TMChallenge */ = {
			isa = PBXNativeTarget;
			buildConfigurationList = 663C25042731D5B400BA47FC /* Build configuration list for PBXNativeTarget "TMChallenge" */;
			buildPhases = (
				663C24EC2731D5A900BA47FC /* Sources */,
				663C24ED2731D5A900BA47FC /* Frameworks */,
				663C24EE2731D5A900BA47FC /* Resources */,
			);
			buildRules = (
			);
			dependencies = (
			);
			name = TMChallenge;
			productName = TMChallenge;
			productReference = 663C24F02731D5A900BA47FC /* TMChallenge.app */;
			productType = "com.apple.product-type.application";
		};
/* End PBXNativeTarget section */

/* Begin PBXProject section */
		663C24E82731D5A900BA47FC /* Project object */ = {
			isa = PBXProject;
			attributes = {
				LastSwiftUpdateCheck = 1240;
				LastUpgradeCheck = 1240;
				TargetAttributes = {
					663C24EF2731D5A900BA47FC = {
						CreatedOnToolsVersion = 12.4;
					};
				};
			};
			buildConfigurationList = 663C24EB2731D5A900BA47FC /* Build configuration list for PBXProject "TMChallenge" */;
			compatibilityVersion = "Xcode 9.3";
			developmentRegion = en;
			hasScannedForEncodings = 0;
			knownRegions = (
				en,
				Base,
			);
			mainGroup = 663C24E72731D5A900BA47FC;
			productRefGroup = 663C24F12731D5A900BA47FC /* Products */;
			projectDirPath = "";
			projectRoot = "";
			targets = (
				663C24EF2731D5A900BA47FC /* TMChallenge */,
			);
		};
/* End PBXProject section */

/* Begin PBXResourcesBuildPhase section */
		663C24EE2731D5A900BA47FC /* Resources */ = {
			isa = PBXResourcesBuildPhase;
			buildActionMask = 2147483647;
			files = (
				663C25002731D5B400BA47FC /* LaunchScreen.storyboard in Resources */,
				663C24FD2731D5B400BA47FC /* Assets.xcassets in Resources */,
				663C24FB2731D5A900BA47FC /* Main.storyboard in Resources */,
			);
			runOnlyForDeploymentPostprocessing = 0;
		};
/* End PBXResourcesBuildPhase section */

/* Begin PBXSourcesBuildPhase section */
		663C24EC2731D5A900BA47FC /* Sources */ = {
			isa = PBXSourcesBuildPhase;
			buildActionMask = 2147483647;
			files = (
				663C25262731ED8600BA47FC /* FeedsViewModel.swift in Sources */,
				663C25222731ED6D00BA47FC /* FeedsViewController.swift in Sources */,
				663C250E2731DEA200BA47FC /* Feed.swift in Sources */,
				663C25152731E34000BA47FC /* BaseURL.swift in Sources */,
				663C24F42731D5A900BA47FC /* AppDelegate.swift in Sources */,
				663C25122731E33400BA47FC /* APIClient.swift in Sources */,
				663C24F62731D5A900BA47FC /* SceneDelegate.swift in Sources */,
			);
			runOnlyForDeploymentPostprocessing = 0;
		};
/* End PBXSourcesBuildPhase section */

/* Begin PBXVariantGroup section */
		663C24F92731D5A900BA47FC /* Main.storyboard */ = {
			isa = PBXVariantGroup;
			children = (
				663C24FA2731D5A900BA47FC /* Base */,
			);
			name = Main.storyboard;
			sourceTree = "<group>";
		};
		663C24FE2731D5B400BA47FC /* LaunchScreen.storyboard */ = {
			isa = PBXVariantGroup;
			children = (
				663C24FF2731D5B400BA47FC /* Base */,
			);
			name = LaunchScreen.storyboard;
			sourceTree = "<group>";
		};
/* End PBXVariantGroup section */

/* Begin XCBuildConfiguration section */
		663C25022731D5B400BA47FC /* Debug */ = {
			isa = XCBuildConfiguration;
			buildSettings = {
				ALWAYS_SEARCH_USER_PATHS = NO;
				CLANG_ANALYZER_NONNULL = YES;
				CLANG_ANALYZER_NUMBER_OBJECT_CONVERSION = YES_AGGRESSIVE;
				CLANG_CXX_LANGUAGE_STANDARD = "gnu++14";
				CLANG_CXX_LIBRARY = "libc++";
				CLANG_ENABLE_MODULES = YES;
				CLANG_ENABLE_OBJC_ARC = YES;
				CLANG_ENABLE_OBJC_WEAK = YES;
				CLANG_WARN_BLOCK_CAPTURE_AUTORELEASING = YES;
				CLANG_WARN_BOOL_CONVERSION = YES;
				CLANG_WARN_COMMA = YES;
				CLANG_WARN_CONSTANT_CONVERSION = YES;
				CLANG_WARN_DEPRECATED_OBJC_IMPLEMENTATIONS = YES;
				CLANG_WARN_DIRECT_OBJC_ISA_USAGE = YES_ERROR;
				CLANG_WARN_DOCUMENTATION_COMMENTS = YES;
				CLANG_WARN_EMPTY_BODY = YES;
				CLANG_WARN_ENUM_CONVERSION = YES;
				CLANG_WARN_INFINITE_RECURSION = YES;
				CLANG_WARN_INT_CONVERSION = YES;
				CLANG_WARN_NON_LITERAL_NULL_CONVERSION = YES;
				CLANG_WARN_OBJC_IMPLICIT_RETAIN_SELF = YES;
				CLANG_WARN_OBJC_LITERAL_CONVERSION = YES;
				CLANG_WARN_OBJC_ROOT_CLASS = YES_ERROR;
				CLANG_WARN_QUOTED_INCLUDE_IN_FRAMEWORK_HEADER = YES;
				CLANG_WARN_RANGE_LOOP_ANALYSIS = YES;
				CLANG_WARN_STRICT_PROTOTYPES = YES;
				CLANG_WARN_SUSPICIOUS_MOVE = YES;
				CLANG_WARN_UNGUARDED_AVAILABILITY = YES_AGGRESSIVE;
				CLANG_WARN_UNREACHABLE_CODE = YES;
				CLANG_WARN__DUPLICATE_METHOD_MATCH = YES;
				COPY_PHASE_STRIP = NO;
				DEBUG_INFORMATION_FORMAT = dwarf;
				ENABLE_STRICT_OBJC_MSGSEND = YES;
				ENABLE_TESTABILITY = YES;
				GCC_C_LANGUAGE_STANDARD = gnu11;
				GCC_DYNAMIC_NO_PIC = NO;
				GCC_NO_COMMON_BLOCKS = YES;
				GCC_OPTIMIZATION_LEVEL = 0;
				GCC_PREPROCESSOR_DEFINITIONS = (
					"DEBUG=1",
					"$(inherited)",
				);
				GCC_WARN_64_TO_32_BIT_CONVERSION = YES;
				GCC_WARN_ABOUT_RETURN_TYPE = YES_ERROR;
				GCC_WARN_UNDECLARED_SELECTOR = YES;
				GCC_WARN_UNINITIALIZED_AUTOS = YES_AGGRESSIVE;
				GCC_WARN_UNUSED_FUNCTION = YES;
				GCC_WARN_UNUSED_VARIABLE = YES;
				IPHONEOS_DEPLOYMENT_TARGET = 14.4;
				MTL_ENABLE_DEBUG_INFO = INCLUDE_SOURCE;
				MTL_FAST_MATH = YES;
				ONLY_ACTIVE_ARCH = YES;
				SDKROOT = iphoneos;
				SWIFT_ACTIVE_COMPILATION_CONDITIONS = DEBUG;
				SWIFT_OPTIMIZATION_LEVEL = "-Onone";
			};
			name = Debug;
		};
		663C25032731D5B400BA47FC /* Release */ = {
			isa = XCBuildConfiguration;
			buildSettings = {
				ALWAYS_SEARCH_USER_PATHS = NO;
				CLANG_ANALYZER_NONNULL = YES;
				CLANG_ANALYZER_NUMBER_OBJECT_CONVERSION = YES_AGGRESSIVE;
				CLANG_CXX_LANGUAGE_STANDARD = "gnu++14";
				CLANG_CXX_LIBRARY = "libc++";
				CLANG_ENABLE_MODULES = YES;
				CLANG_ENABLE_OBJC_ARC = YES;
				CLANG_ENABLE_OBJC_WEAK = YES;
				CLANG_WARN_BLOCK_CAPTURE_AUTORELEASING = YES;
				CLANG_WARN_BOOL_CONVERSION = YES;
				CLANG_WARN_COMMA = YES;
				CLANG_WARN_CONSTANT_CONVERSION = YES;
				CLANG_WARN_DEPRECATED_OBJC_IMPLEMENTATIONS = YES;
				CLANG_WARN_DIRECT_OBJC_ISA_USAGE = YES_ERROR;
				CLANG_WARN_DOCUMENTATION_COMMENTS = YES;
				CLANG_WARN_EMPTY_BODY = YES;
				CLANG_WARN_ENUM_CONVERSION = YES;
				CLANG_WARN_INFINITE_RECURSION = YES;
				CLANG_WARN_INT_CONVERSION = YES;
				CLANG_WARN_NON_LITERAL_NULL_CONVERSION = YES;
				CLANG_WARN_OBJC_IMPLICIT_RETAIN_SELF = YES;
				CLANG_WARN_OBJC_LITERAL_CONVERSION = YES;
				CLANG_WARN_OBJC_ROOT_CLASS = YES_ERROR;
				CLANG_WARN_QUOTED_INCLUDE_IN_FRAMEWORK_HEADER = YES;
				CLANG_WARN_RANGE_LOOP_ANALYSIS = YES;
				CLANG_WARN_STRICT_PROTOTYPES = YES;
				CLANG_WARN_SUSPICIOUS_MOVE = YES;
				CLANG_WARN_UNGUARDED_AVAILABILITY = YES_AGGRESSIVE;
				CLANG_WARN_UNREACHABLE_CODE = YES;
				CLANG_WARN__DUPLICATE_METHOD_MATCH = YES;
				COPY_PHASE_STRIP = NO;
				DEBUG_INFORMATION_FORMAT = "dwarf-with-dsym";
				ENABLE_NS_ASSERTIONS = NO;
				ENABLE_STRICT_OBJC_MSGSEND = YES;
				GCC_C_LANGUAGE_STANDARD = gnu11;
				GCC_NO_COMMON_BLOCKS = YES;
				GCC_WARN_64_TO_32_BIT_CONVERSION = YES;
				GCC_WARN_ABOUT_RETURN_TYPE = YES_ERROR;
				GCC_WARN_UNDECLARED_SELECTOR = YES;
				GCC_WARN_UNINITIALIZED_AUTOS = YES_AGGRESSIVE;
				GCC_WARN_UNUSED_FUNCTION = YES;
				GCC_WARN_UNUSED_VARIABLE = YES;
				IPHONEOS_DEPLOYMENT_TARGET = 14.4;
				MTL_ENABLE_DEBUG_INFO = NO;
				MTL_FAST_MATH = YES;
				SDKROOT = iphoneos;
				SWIFT_COMPILATION_MODE = wholemodule;
				SWIFT_OPTIMIZATION_LEVEL = "-O";
				VALIDATE_PRODUCT = YES;
			};
			name = Release;
		};
		663C25052731D5B400BA47FC /* Debug */ = {
			isa = XCBuildConfiguration;
			buildSettings = {
				ASSETCATALOG_COMPILER_APPICON_NAME = AppIcon;
				ASSETCATALOG_COMPILER_GLOBAL_ACCENT_COLOR_NAME = AccentColor;
				CODE_SIGN_STYLE = Automatic;
				DEVELOPMENT_TEAM = 47588266MJ;
				INFOPLIST_FILE = TMChallenge/Info.plist;
				LD_RUNPATH_SEARCH_PATHS = (
					"$(inherited)",
					"@executable_path/Frameworks",
				);
				LIBRARY_SEARCH_PATHS = (
					"$(inherited)",
					"$(PROJECT_DIR)/TMChallenge/ApplicationLayer/Resources",
				);
				PRODUCT_BUNDLE_IDENTIFIER = mx.unam.fciencias.TMChallenge;
				PRODUCT_NAME = "$(TARGET_NAME)";
				SWIFT_VERSION = 5.0;
				TARGETED_DEVICE_FAMILY = 1;
			};
			name = Debug;
		};
		663C25062731D5B400BA47FC /* Release */ = {
			isa = XCBuildConfiguration;
			buildSettings = {
				ASSETCATALOG_COMPILER_APPICON_NAME = AppIcon;
				ASSETCATALOG_COMPILER_GLOBAL_ACCENT_COLOR_NAME = AccentColor;
				CODE_SIGN_STYLE = Automatic;
				DEVELOPMENT_TEAM = 47588266MJ;
				INFOPLIST_FILE = TMChallenge/Info.plist;
				LD_RUNPATH_SEARCH_PATHS = (
					"$(inherited)",
					"@executable_path/Frameworks",
				);
				LIBRARY_SEARCH_PATHS = (
					"$(inherited)",
					"$(PROJECT_DIR)/TMChallenge/ApplicationLayer/Resources",
				);
				PRODUCT_BUNDLE_IDENTIFIER = mx.unam.fciencias.TMChallenge;
				PRODUCT_NAME = "$(TARGET_NAME)";
				SWIFT_VERSION = 5.0;
				TARGETED_DEVICE_FAMILY = 1;
			};
			name = Release;
		};
/* End XCBuildConfiguration section */

/* Begin XCConfigurationList section */
		663C24EB2731D5A900BA47FC /* Build configuration list for PBXProject "TMChallenge" */ = {
			isa = XCConfigurationList;
			buildConfigurations = (
				663C25022731D5B400BA47FC /* Debug */,
				663C25032731D5B400BA47FC /* Release */,
			);
			defaultConfigurationIsVisible = 0;
			defaultConfigurationName = Release;
		};
		663C25042731D5B400BA47FC /* Build configuration list for PBXNativeTarget "TMChallenge" */ = {
			isa = XCConfigurationList;
			buildConfigurations = (
				663C25052731D5B400BA47FC /* Debug */,
				663C25062731D5B400BA47FC /* Release */,
			);
			defaultConfigurationIsVisible = 0;
			defaultConfigurationName = Release;
		};
/* End XCConfigurationList section */
	};
	rootObject = 663C24E82731D5A900BA47FC /* Project object */;
}
